
Microsoft Visual Studio Solution File, Format Version 12.00
# Visual Studio Version 16
VisualStudioVersion = 16.0.29905.134
MinimumVisualStudioVersion = 10.0.40219.1
Project("{FAE04EC0-301F-11D3-BF4B-00C04F79EFBC}") = "LessonTask01", "LessonTask01\LessonTask01.csproj", "{24C5FDBF-BF76-4062-B836-99510D43A4DE}"
EndProject
Project("{FAE04EC0-301F-11D3-BF4B-00C04F79EFBC}") = "LessonTask01_LIB", "LessonTask01_LIB\LessonTask01_LIB.csproj", "{7D2D7643-0F9B-482A-8C00-1F8EE1E70ED6}"
EndProject
Global
	GlobalSection(SolutionConfigurationPlatforms) = preSolution
		Debug|Any CPU = Debug|Any CPU
		Release|Any CPU = Release|Any CPU
	EndGlobalSection
	GlobalSection(ProjectConfigurationPlatforms) = postSolution
		{24C5FDBF-BF76-4062-B836-99510D43A4DE}.Debug|Any CPU.ActiveCfg = Debug|Any CPU
		{24C5FDBF-BF76-4062-B836-99510D43A4DE}.Debug|Any CPU.Build.0 = Debug|Any CPU
		{24C5FDBF-BF76-4062-B836-99510D43A4DE}.Release|Any CPU.ActiveCfg = Release|Any CPU
		{24C5FDBF-BF76-4062-B836-99510D43A4DE}.Release|Any CPU.Build.0 = Release|Any CPU
		{7D2D7643-0F9B-482A-8C00-1F8EE1E70ED6}.Debug|Any CPU.ActiveCfg = Debug|Any CPU
		{7D2D7643-0F9B-482A-8C00-1F8EE1E70ED6}.Debug|Any CPU.Build.0 = Debug|Any CPU
		{7D2D7643-0F9B-482A-8C00-1F8EE1E70ED6}.Release|Any CPU.ActiveCfg = Release|Any CPU
		{7D2D7643-0F9B-482A-8C00-1F8EE1E70ED6}.Release|Any CPU.Build.0 = Release|Any CPU
	EndGlobalSection
	GlobalSection(SolutionProperties) = preSolution
		HideSolutionNode = FALSE
	EndGlobalSection
	GlobalSection(ExtensibilityGlobals) = postSolution
		SolutionGuid = {CC0CA89D-95AF-4E6B-B86D-46EEE22196E5}
	EndGlobalSection
EndGlobal
